
Microsoft Visual Studio Solution File, Format Version 10.00
# Visual C++ Express 2008
Project("{8BC9CEB8-8B4A-11D0-8D11-00A0C91BC942}") = "payload", "payload.vcproj", "{EB87BEF2-922A-4DEA-9D2F-290DEC635478}"
EndProject
Global
	GlobalSection(SolutionConfigurationPlatforms) = preSolution
		Build|Win32 = Build|Win32
	EndGlobalSection
	GlobalSection(ProjectConfigurationPlatforms) = postSolution
		{EB87BEF2-922A-4DEA-9D2F-290DEC635478}.Build|Win32.ActiveCfg = Build|Win32
		{EB87BEF2-922A-4DEA-9D2F-290DEC635478}.Build|Win32.Build.0 = Build|Win32
	EndGlobalSection
	GlobalSection(SolutionProperties) = preSolution
		HideSolutionNode = FALSE
	EndGlobalSection
EndGlobal
